
Microsoft Visual Studio Solution File, Format Version 12.00
# Visual Studio Version 16
VisualStudioVersion = 16.0.28705.295
MinimumVisualStudioVersion = 10.0.40219.1
Project("{00D1A9C2-B5F0-4AF3-8072-F6C62B433612}") = "Sdcb.AspNetCore.Identity.Database", "Sdcb.AspNetCore.Identity.Database\Sdcb.AspNetCore.Identity.Database.sqlproj", "{F13A316B-BF97-479E-94E3-D34981BEA21C}"
EndProject
Global
	GlobalSection(SolutionConfigurationPlatforms) = preSolution
		Debug|Any CPU = Debug|Any CPU
		Release|Any CPU = Release|Any CPU
	EndGlobalSection
	GlobalSection(ProjectConfigurationPlatforms) = postSolution
		{F13A316B-BF97-479E-94E3-D34981BEA21C}.Debug|Any CPU.ActiveCfg = Debug|Any CPU
		{F13A316B-BF97-479E-94E3-D34981BEA21C}.Debug|Any CPU.Build.0 = Debug|Any CPU
		{F13A316B-BF97-479E-94E3-D34981BEA21C}.Debug|Any CPU.Deploy.0 = Debug|Any CPU
		{F13A316B-BF97-479E-94E3-D34981BEA21C}.Release|Any CPU.ActiveCfg = Release|Any CPU
		{F13A316B-BF97-479E-94E3-D34981BEA21C}.Release|Any CPU.Build.0 = Release|Any CPU
		{F13A316B-BF97-479E-94E3-D34981BEA21C}.Release|Any CPU.Deploy.0 = Release|Any CPU
	EndGlobalSection
	GlobalSection(SolutionProperties) = preSolution
		HideSolutionNode = FALSE
	EndGlobalSection
	GlobalSection(ExtensibilityGlobals) = postSolution
		SolutionGuid = {E8192BA3-4578-4972-878D-B6E24A226ED8}
	EndGlobalSection
EndGlobal
